
Microsoft Visual Studio Solution File, Format Version 12.00
# Visual Studio Version 17
VisualStudioVersion = 17.14.36109.1 d17.14
MinimumVisualStudioVersion = 10.0.40219.1
Project("{FAE04EC0-301F-11D3-BF4B-00C04F79EFBC}") = "AuthLibrary", "AuthLibrary\AuthLibrary.csproj", "{F14AC415-8984-45A7-A11A-BDB4E7FEF330}"
EndProject
Global
	GlobalSection(SolutionConfigurationPlatforms) = preSolution
		Debug|Any CPU = Debug|Any CPU
		Release|Any CPU = Release|Any CPU
	EndGlobalSection
	GlobalSection(ProjectConfigurationPlatforms) = postSolution
		{F14AC415-8984-45A7-A11A-BDB4E7FEF330}.Debug|Any CPU.ActiveCfg = Debug|Any CPU
		{F14AC415-8984-45A7-A11A-BDB4E7FEF330}.Debug|Any CPU.Build.0 = Debug|Any CPU
		{F14AC415-8984-45A7-A11A-BDB4E7FEF330}.Release|Any CPU.ActiveCfg = Release|Any CPU
		{F14AC415-8984-45A7-A11A-BDB4E7FEF330}.Release|Any CPU.Build.0 = Release|Any CPU
	EndGlobalSection
	GlobalSection(SolutionProperties) = preSolution
		HideSolutionNode = FALSE
	EndGlobalSection
	GlobalSection(ExtensibilityGlobals) = postSolution
		SolutionGuid = {4C6E0333-26D6-4FEC-B93B-A0E592415AD6}
	EndGlobalSection
EndGlobal
