
Microsoft Visual Studio Solution File, Format Version 12.00
# Visual Studio Version 17
VisualStudioVersion = 17.14.36109.1
MinimumVisualStudioVersion = 10.0.40219.1
Project("{FAE04EC0-301F-11D3-BF4B-00C04F79EFBC}") = "Lection0931", "Lection1031\Lection0931.csproj", "{D127E74B-9215-4713-97EB-EB540665CF7B}"
EndProject
Project("{FAE04EC0-301F-11D3-BF4B-00C04F79EFBC}") = "Lection1007", "Lection1007\Lection1007.csproj", "{2A2878B4-10D1-4F7D-9FC1-3F25F96ADE1D}"
EndProject
Project("{FAE04EC0-301F-11D3-BF4B-00C04F79EFBC}") = "Lection1020", "Lection1020\Lection1020.csproj", "{7475EE95-EFD5-4ED3-9131-19DD7FA256FC}"
EndProject
Global
	GlobalSection(SolutionConfigurationPlatforms) = preSolution
		Debug|Any CPU = Debug|Any CPU
		Release|Any CPU = Release|Any CPU
	EndGlobalSection
	GlobalSection(ProjectConfigurationPlatforms) = postSolution
		{D127E74B-9215-4713-97EB-EB540665CF7B}.Debug|Any CPU.ActiveCfg = Debug|Any CPU
		{D127E74B-9215-4713-97EB-EB540665CF7B}.Debug|Any CPU.Build.0 = Debug|Any CPU
		{D127E74B-9215-4713-97EB-EB540665CF7B}.Release|Any CPU.ActiveCfg = Release|Any CPU
		{D127E74B-9215-4713-97EB-EB540665CF7B}.Release|Any CPU.Build.0 = Release|Any CPU
		{2A2878B4-10D1-4F7D-9FC1-3F25F96ADE1D}.Debug|Any CPU.ActiveCfg = Debug|Any CPU
		{2A2878B4-10D1-4F7D-9FC1-3F25F96ADE1D}.Debug|Any CPU.Build.0 = Debug|Any CPU
		{2A2878B4-10D1-4F7D-9FC1-3F25F96ADE1D}.Release|Any CPU.ActiveCfg = Release|Any CPU
		{2A2878B4-10D1-4F7D-9FC1-3F25F96ADE1D}.Release|Any CPU.Build.0 = Release|Any CPU
		{7475EE95-EFD5-4ED3-9131-19DD7FA256FC}.Debug|Any CPU.ActiveCfg = Debug|Any CPU
		{7475EE95-EFD5-4ED3-9131-19DD7FA256FC}.Debug|Any CPU.Build.0 = Debug|Any CPU
		{7475EE95-EFD5-4ED3-9131-19DD7FA256FC}.Release|Any CPU.ActiveCfg = Release|Any CPU
		{7475EE95-EFD5-4ED3-9131-19DD7FA256FC}.Release|Any CPU.Build.0 = Release|Any CPU
	EndGlobalSection
	GlobalSection(SolutionProperties) = preSolution
		HideSolutionNode = FALSE
	EndGlobalSection
	GlobalSection(ExtensibilityGlobals) = postSolution
		SolutionGuid = {B7E9BA9B-DF24-42CC-8DC2-202B73B79A0C}
	EndGlobalSection
EndGlobal
